
Microsoft Visual Studio Solution File, Format Version 12.00
# Visual Studio Version 16
VisualStudioVersion = 16.0.32630.194
MinimumVisualStudioVersion = 10.0.40219.1
Project("{FAE04EC0-301F-11D3-BF4B-00C04F79EFBC}") = "Rinku", "Rinku\Rinku.csproj", "{BF6310F7-CA69-4C2D-AADE-EB3E2133991E}"
EndProject
Global
	GlobalSection(SolutionConfigurationPlatforms) = preSolution
		Debug|Any CPU = Debug|Any CPU
		Release|Any CPU = Release|Any CPU
	EndGlobalSection
	GlobalSection(ProjectConfigurationPlatforms) = postSolution
		{BF6310F7-CA69-4C2D-AADE-EB3E2133991E}.Debug|Any CPU.ActiveCfg = Debug|Any CPU
		{BF6310F7-CA69-4C2D-AADE-EB3E2133991E}.Debug|Any CPU.Build.0 = Debug|Any CPU
		{BF6310F7-CA69-4C2D-AADE-EB3E2133991E}.Release|Any CPU.ActiveCfg = Release|Any CPU
		{BF6310F7-CA69-4C2D-AADE-EB3E2133991E}.Release|Any CPU.Build.0 = Release|Any CPU
	EndGlobalSection
	GlobalSection(SolutionProperties) = preSolution
		HideSolutionNode = FALSE
	EndGlobalSection
	GlobalSection(ExtensibilityGlobals) = postSolution
		SolutionGuid = {6083A465-C9B0-4DC4-A815-B44003281D1C}
	EndGlobalSection
EndGlobal
